
Microsoft Visual Studio Solution File, Format Version 12.00
# Visual Studio Version 16
VisualStudioVersion = 16.0.31702.278
MinimumVisualStudioVersion = 10.0.40219.1
Project("{9A19103F-16F7-4668-BE54-9A1E7A4F7556}") = "ExtensionMethodExample", "ExtensionMethodExample\ExtensionMethodExample.csproj", "{D3D0B287-D1AC-4E5D-BCA4-A1AF02B2FF7D}"
EndProject
Project("{FAE04EC0-301F-11D3-BF4B-00C04F79EFBC}") = "ReversePolishCalculatorLib", "ReversePolishCalulatorLib\ReversePolishCalculatorLib.csproj", "{852910BC-62B1-4A0F-BF00-0875DAE1B75A}"
EndProject
Project("{FAE04EC0-301F-11D3-BF4B-00C04F79EFBC}") = "ReversePolishCalulatorTesting", "ReversePolishCalulatorTesting\ReversePolishCalulatorTesting.csproj", "{7DE7F248-F549-4862-A7EB-7C8BC35CA4AD}"
EndProject
Global
	GlobalSection(SolutionConfigurationPlatforms) = preSolution
		Debug|Any CPU = Debug|Any CPU
		Release|Any CPU = Release|Any CPU
	EndGlobalSection
	GlobalSection(ProjectConfigurationPlatforms) = postSolution
		{D3D0B287-D1AC-4E5D-BCA4-A1AF02B2FF7D}.Debug|Any CPU.ActiveCfg = Debug|Any CPU
		{D3D0B287-D1AC-4E5D-BCA4-A1AF02B2FF7D}.Debug|Any CPU.Build.0 = Debug|Any CPU
		{D3D0B287-D1AC-4E5D-BCA4-A1AF02B2FF7D}.Release|Any CPU.ActiveCfg = Release|Any CPU
		{D3D0B287-D1AC-4E5D-BCA4-A1AF02B2FF7D}.Release|Any CPU.Build.0 = Release|Any CPU
		{852910BC-62B1-4A0F-BF00-0875DAE1B75A}.Debug|Any CPU.ActiveCfg = Debug|Any CPU
		{852910BC-62B1-4A0F-BF00-0875DAE1B75A}.Debug|Any CPU.Build.0 = Debug|Any CPU
		{852910BC-62B1-4A0F-BF00-0875DAE1B75A}.Release|Any CPU.ActiveCfg = Release|Any CPU
		{852910BC-62B1-4A0F-BF00-0875DAE1B75A}.Release|Any CPU.Build.0 = Release|Any CPU
		{7DE7F248-F549-4862-A7EB-7C8BC35CA4AD}.Debug|Any CPU.ActiveCfg = Debug|Any CPU
		{7DE7F248-F549-4862-A7EB-7C8BC35CA4AD}.Debug|Any CPU.Build.0 = Debug|Any CPU
		{7DE7F248-F549-4862-A7EB-7C8BC35CA4AD}.Release|Any CPU.ActiveCfg = Release|Any CPU
		{7DE7F248-F549-4862-A7EB-7C8BC35CA4AD}.Release|Any CPU.Build.0 = Release|Any CPU
	EndGlobalSection
	GlobalSection(SolutionProperties) = preSolution
		HideSolutionNode = FALSE
	EndGlobalSection
	GlobalSection(ExtensibilityGlobals) = postSolution
		SolutionGuid = {4A00D83C-9DE7-4921-9AA3-EBD62A539E45}
	EndGlobalSection
EndGlobal
